
Microsoft Visual Studio Solution File, Format Version 12.00
# Visual Studio 15
VisualStudioVersion = 15.0.27130.2036
MinimumVisualStudioVersion = 10.0.40219.1
Project("{8BC9CEB8-8B4A-11D0-8D11-00A0C91BC942}") = "PP01.HelloSDL", "PP01.HelloSDL\PP01.HelloSDL.vcxproj", "{FA850D09-5F89-4B03-88E6-5BAF6781662C}"
EndProject
Project("{8BC9CEB8-8B4A-11D0-8D11-00A0C91BC942}") = "PP02.BreakUpHelloSDL", "PP02.BreakUpHelloSDL\PP02.BreakUpHelloSDL.vcxproj", "{9194669B-B776-45EA-B291-ED47D5C20F9C}"
EndProject
Project("{8BC9CEB8-8B4A-11D0-8D11-00A0C91BC942}") = "PP03.GameClass", "PP03.GameClass\PP03.GameClass.vcxproj", "{20086AA1-9A4B-437D-AC4F-78136C5ED153}"
EndProject
Project("{8BC9CEB8-8B4A-11D0-8D11-00A0C91BC942}") = "PP04.BasicDrawing", "PP04.BasicDrawing\PP04.BasicDrawing.vcxproj", "{12C8B233-0BB5-4169-B266-3DB9D136EA2A}"
EndProject
Project("{8BC9CEB8-8B4A-11D0-8D11-00A0C91BC942}") = "PP05.AnimatingSprite", "PP05.AnimatingSprite\PP05.AnimatingSprite.vcxproj", "{9425003B-51E0-451B-83F0-80A63CBE8422}"
EndProject
Project("{8BC9CEB8-8B4A-11D0-8D11-00A0C91BC942}") = "PP06.ImageSprite", "PP06.ImageSprite\PP06.ImageSprite.vcxproj", "{80757B94-2A67-4210-8BCF-5503769066DF}"
EndProject
Project("{8BC9CEB8-8B4A-11D0-8D11-00A0C91BC942}") = "PP07.TextureManager", "PP07.TextureManager\PP07.TextureManager.vcxproj", "{2B71582D-8948-46F3-8CE9-15B2E2DBFECD}"
EndProject
Project("{8BC9CEB8-8B4A-11D0-8D11-00A0C91BC942}") = "PP08.SingletonTM", "PP08.SingletonTM\PP08.SingletonTM.vcxproj", "{69EF4F19-00B7-4D2B-AD9C-18E2EC6C601B}"
EndProject
Global
	GlobalSection(SolutionConfigurationPlatforms) = preSolution
		Debug|x64 = Debug|x64
		Debug|x86 = Debug|x86
		Release|x64 = Release|x64
		Release|x86 = Release|x86
	EndGlobalSection
	GlobalSection(ProjectConfigurationPlatforms) = postSolution
		{FA850D09-5F89-4B03-88E6-5BAF6781662C}.Debug|x64.ActiveCfg = Debug|x64
		{FA850D09-5F89-4B03-88E6-5BAF6781662C}.Debug|x64.Build.0 = Debug|x64
		{FA850D09-5F89-4B03-88E6-5BAF6781662C}.Debug|x86.ActiveCfg = Debug|Win32
		{FA850D09-5F89-4B03-88E6-5BAF6781662C}.Debug|x86.Build.0 = Debug|Win32
		{FA850D09-5F89-4B03-88E6-5BAF6781662C}.Release|x64.ActiveCfg = Release|x64
		{FA850D09-5F89-4B03-88E6-5BAF6781662C}.Release|x64.Build.0 = Release|x64
		{FA850D09-5F89-4B03-88E6-5BAF6781662C}.Release|x86.ActiveCfg = Release|Win32
		{FA850D09-5F89-4B03-88E6-5BAF6781662C}.Release|x86.Build.0 = Release|Win32
		{9194669B-B776-45EA-B291-ED47D5C20F9C}.Debug|x64.ActiveCfg = Debug|x64
		{9194669B-B776-45EA-B291-ED47D5C20F9C}.Debug|x64.Build.0 = Debug|x64
		{9194669B-B776-45EA-B291-ED47D5C20F9C}.Debug|x86.ActiveCfg = Debug|Win32
		{9194669B-B776-45EA-B291-ED47D5C20F9C}.Debug|x86.Build.0 = Debug|Win32
		{9194669B-B776-45EA-B291-ED47D5C20F9C}.Release|x64.ActiveCfg = Release|x64
		{9194669B-B776-45EA-B291-ED47D5C20F9C}.Release|x64.Build.0 = Release|x64
		{9194669B-B776-45EA-B291-ED47D5C20F9C}.Release|x86.ActiveCfg = Release|Win32
		{9194669B-B776-45EA-B291-ED47D5C20F9C}.Release|x86.Build.0 = Release|Win32
		{20086AA1-9A4B-437D-AC4F-78136C5ED153}.Debug|x64.ActiveCfg = Debug|x64
		{20086AA1-9A4B-437D-AC4F-78136C5ED153}.Debug|x64.Build.0 = Debug|x64
		{20086AA1-9A4B-437D-AC4F-78136C5ED153}.Debug|x86.ActiveCfg = Debug|Win32
		{20086AA1-9A4B-437D-AC4F-78136C5ED153}.Debug|x86.Build.0 = Debug|Win32
		{20086AA1-9A4B-437D-AC4F-78136C5ED153}.Release|x64.ActiveCfg = Release|x64
		{20086AA1-9A4B-437D-AC4F-78136C5ED153}.Release|x64.Build.0 = Release|x64
		{20086AA1-9A4B-437D-AC4F-78136C5ED153}.Release|x86.ActiveCfg = Release|Win32
		{20086AA1-9A4B-437D-AC4F-78136C5ED153}.Release|x86.Build.0 = Release|Win32
		{12C8B233-0BB5-4169-B266-3DB9D136EA2A}.Debug|x64.ActiveCfg = Debug|x64
		{12C8B233-0BB5-4169-B266-3DB9D136EA2A}.Debug|x64.Build.0 = Debug|x64
		{12C8B233-0BB5-4169-B266-3DB9D136EA2A}.Debug|x86.ActiveCfg = Debug|Win32
		{12C8B233-0BB5-4169-B266-3DB9D136EA2A}.Debug|x86.Build.0 = Debug|Win32
		{12C8B233-0BB5-4169-B266-3DB9D136EA2A}.Release|x64.ActiveCfg = Release|x64
		{12C8B233-0BB5-4169-B266-3DB9D136EA2A}.Release|x64.Build.0 = Release|x64
		{12C8B233-0BB5-4169-B266-3DB9D136EA2A}.Release|x86.ActiveCfg = Release|Win32
		{12C8B233-0BB5-4169-B266-3DB9D136EA2A}.Release|x86.Build.0 = Release|Win32
		{9425003B-51E0-451B-83F0-80A63CBE8422}.Debug|x64.ActiveCfg = Debug|x64
		{9425003B-51E0-451B-83F0-80A63CBE8422}.Debug|x64.Build.0 = Debug|x64
		{9425003B-51E0-451B-83F0-80A63CBE8422}.Debug|x86.ActiveCfg = Debug|Win32
		{9425003B-51E0-451B-83F0-80A63CBE8422}.Debug|x86.Build.0 = Debug|Win32
		{9425003B-51E0-451B-83F0-80A63CBE8422}.Release|x64.ActiveCfg = Release|x64
		{9425003B-51E0-451B-83F0-80A63CBE8422}.Release|x64.Build.0 = Release|x64
		{9425003B-51E0-451B-83F0-80A63CBE8422}.Release|x86.ActiveCfg = Release|Win32
		{9425003B-51E0-451B-83F0-80A63CBE8422}.Release|x86.Build.0 = Release|Win32
		{80757B94-2A67-4210-8BCF-5503769066DF}.Debug|x64.ActiveCfg = Debug|x64
		{80757B94-2A67-4210-8BCF-5503769066DF}.Debug|x64.Build.0 = Debug|x64
		{80757B94-2A67-4210-8BCF-5503769066DF}.Debug|x86.ActiveCfg = Debug|Win32
		{80757B94-2A67-4210-8BCF-5503769066DF}.Debug|x86.Build.0 = Debug|Win32
		{80757B94-2A67-4210-8BCF-5503769066DF}.Release|x64.ActiveCfg = Release|x64
		{80757B94-2A67-4210-8BCF-5503769066DF}.Release|x64.Build.0 = Release|x64
		{80757B94-2A67-4210-8BCF-5503769066DF}.Release|x86.ActiveCfg = Release|Win32
		{80757B94-2A67-4210-8BCF-5503769066DF}.Release|x86.Build.0 = Release|Win32
		{2B71582D-8948-46F3-8CE9-15B2E2DBFECD}.Debug|x64.ActiveCfg = Debug|x64
		{2B71582D-8948-46F3-8CE9-15B2E2DBFECD}.Debug|x64.Build.0 = Debug|x64
		{2B71582D-8948-46F3-8CE9-15B2E2DBFECD}.Debug|x86.ActiveCfg = Debug|Win32
		{2B71582D-8948-46F3-8CE9-15B2E2DBFECD}.Debug|x86.Build.0 = Debug|Win32
		{2B71582D-8948-46F3-8CE9-15B2E2DBFECD}.Release|x64.ActiveCfg = Release|x64
		{2B71582D-8948-46F3-8CE9-15B2E2DBFECD}.Release|x64.Build.0 = Release|x64
		{2B71582D-8948-46F3-8CE9-15B2E2DBFECD}.Release|x86.ActiveCfg = Release|Win32
		{2B71582D-8948-46F3-8CE9-15B2E2DBFECD}.Release|x86.Build.0 = Release|Win32
		{69EF4F19-00B7-4D2B-AD9C-18E2EC6C601B}.Debug|x64.ActiveCfg = Debug|x64
		{69EF4F19-00B7-4D2B-AD9C-18E2EC6C601B}.Debug|x64.Build.0 = Debug|x64
		{69EF4F19-00B7-4D2B-AD9C-18E2EC6C601B}.Debug|x86.ActiveCfg = Debug|Win32
		{69EF4F19-00B7-4D2B-AD9C-18E2EC6C601B}.Debug|x86.Build.0 = Debug|Win32
		{69EF4F19-00B7-4D2B-AD9C-18E2EC6C601B}.Release|x64.ActiveCfg = Release|x64
		{69EF4F19-00B7-4D2B-AD9C-18E2EC6C601B}.Release|x64.Build.0 = Release|x64
		{69EF4F19-00B7-4D2B-AD9C-18E2EC6C601B}.Release|x86.ActiveCfg = Release|Win32
		{69EF4F19-00B7-4D2B-AD9C-18E2EC6C601B}.Release|x86.Build.0 = Release|Win32
	EndGlobalSection
	GlobalSection(SolutionProperties) = preSolution
		HideSolutionNode = FALSE
	EndGlobalSection
	GlobalSection(ExtensibilityGlobals) = postSolution
		SolutionGuid = {7125B9EB-5BCA-4933-948B-7E62D65CB496}
	EndGlobalSection
EndGlobal
